{
  "version": 4,
  "terraform_version": "1.14.5",
  "serial": 78,
  "lineage": "0a967321-c5b7-491a-d280-e97e8e51a2a8",
  "outputs": {},
  "resources": [
    {
      "mode": "data",
      "type": "aws_ami",
      "name": "amazon-linux",
      "provider": "provider[\"registry.terraform.io/hashicorp/aws\"]",
      "instances": [
        {
          "schema_version": 0,
          "attributes": {
            "allow_unsafe_filter": null,
            "architecture": "x86_64",
            "arn": "arn:aws:ec2:ca-central-1::image/ami-0f435c88087d8e0de",
            "block_device_mappings": [
              {
                "device_name": "/dev/xvda",
                "ebs": {
                  "delete_on_termination": "true",
                  "encrypted": "false",
                  "iops": "3000",
                  "snapshot_id": "snap-0a508b5d240a807ff",
                  "throughput": "125",
                  "volume_initialization_rate": "0",
                  "volume_size": "8",
                  "volume_type": "gp3"
                },
                "no_device": "",
                "virtual_name": ""
              }
            ],
            "boot_mode": "uefi-preferred",
            "creation_date": "2026-02-16T19:58:52.000Z",
            "deprecation_time": "2026-05-17T20:04:00.000Z",
            "description": "Amazon Linux 2023 AMI 2023.10.20260216.1 x86_64 HVM kernel-6.12",
            "ena_support": true,
            "executable_users": null,
            "filter": [
              {
                "name": "name",
                "values": [
                  "al2023-ami-2023.*-x86_64"
                ]
              },
              {
                "name": "state",
                "values": [
                  "available"
                ]
              },
              {
                "name": "virtualization-type",
                "values": [
                  "hvm"
                ]
              }
            ],
            "hypervisor": "xen",
            "id": "ami-0f435c88087d8e0de",
            "image_id": "ami-0f435c88087d8e0de",
            "image_location": "amazon/al2023-ami-2023.10.20260216.1-kernel-6.12-x86_64",
            "image_owner_alias": "amazon",
            "image_type": "machine",
            "imds_support": "v2.0",
            "include_deprecated": false,
            "kernel_id": "",
            "last_launched_time": "",
            "most_recent": true,
            "name": "al2023-ami-2023.10.20260216.1-kernel-6.12-x86_64",
            "name_regex": null,
            "owner_id": "137112412989",
            "owners": [
              "137112412989"
            ],
            "platform": "",
            "platform_details": "Linux/UNIX",
            "product_codes": [],
            "public": true,
            "ramdisk_id": "",
            "region": "ca-central-1",
            "root_device_name": "/dev/xvda",
            "root_device_type": "ebs",
            "root_snapshot_id": "snap-0a508b5d240a807ff",
            "sriov_net_support": "simple",
            "state": "available",
            "state_reason": {
              "code": "UNSET",
              "message": "UNSET"
            },
            "tags": {},
            "timeouts": null,
            "tpm_support": "",
            "uefi_data": null,
            "usage_operation": "RunInstances",
            "virtualization_type": "hvm"
          },
          "sensitive_attributes": [],
          "identity_schema_version": 0
        }
      ]
    },
    {
      "mode": "managed",
      "type": "aws_default_route_table",
      "name": "myapp-df-rt",
      "provider": "provider[\"registry.terraform.io/hashicorp/aws\"]",
      "instances": [
        {
          "schema_version": 0,
          "attributes": {
            "arn": "arn:aws:ec2:ca-central-1:780432333923:route-table/rtb-0e8b9ccb23f3c9467",
            "default_route_table_id": "rtb-0e8b9ccb23f3c9467",
            "id": "rtb-0e8b9ccb23f3c9467",
            "owner_id": "780432333923",
            "propagating_vgws": [],
            "region": "ca-central-1",
            "route": [
              {
                "cidr_block": "0.0.0.0/0",
                "core_network_arn": "",
                "destination_prefix_list_id": "",
                "egress_only_gateway_id": "",
                "gateway_id": "igw-03037f5d5d2046f23",
                "instance_id": "",
                "ipv6_cidr_block": "",
                "nat_gateway_id": "",
                "network_interface_id": "",
                "transit_gateway_id": "",
                "vpc_endpoint_id": "",
                "vpc_peering_connection_id": ""
              }
            ],
            "tags": {
              "Name": "dev-myapp-df-rt"
            },
            "tags_all": {
              "Name": "dev-myapp-df-rt"
            },
            "timeouts": null,
            "vpc_id": "vpc-018a5c0d61e2750bc"
          },
          "sensitive_attributes": [],
          "identity_schema_version": 0,
          "private": "eyJlMmJmYjczMC1lY2FhLTExZTYtOGY4OC0zNDM2M2JjN2M0YzAiOnsiY3JlYXRlIjoxMjAwMDAwMDAwMDAsInVwZGF0ZSI6MTIwMDAwMDAwMDAwfX0=",
          "dependencies": [
            "aws_internet_gateway.myapp-gw",
            "aws_vpc.myapp-vpc"
          ]
        }
      ]
    },
    {
      "mode": "managed",
      "type": "aws_instance",
      "name": "myapp-server",
      "provider": "provider[\"registry.terraform.io/hashicorp/aws\"]",
      "instances": [
        {
          "schema_version": 2,
          "attributes": {
            "ami": "ami-0f435c88087d8e0de",
            "arn": "arn:aws:ec2:ca-central-1:780432333923:instance/i-0eabe9be73bb18cab",
            "associate_public_ip_address": true,
            "availability_zone": "ca-central-1a",
            "capacity_reservation_specification": [
              {
                "capacity_reservation_preference": "open",
                "capacity_reservation_target": []
              }
            ],
            "cpu_options": [
              {
                "amd_sev_snp": "",
                "core_count": 1,
                "nested_virtualization": "",
                "threads_per_core": 2
              }
            ],
            "credit_specification": [
              {
                "cpu_credits": "unlimited"
              }
            ],
            "disable_api_stop": false,
            "disable_api_termination": false,
            "ebs_block_device": [],
            "ebs_optimized": false,
            "enable_primary_ipv6": null,
            "enclave_options": [
              {
                "enabled": false
              }
            ],
            "ephemeral_block_device": [],
            "force_destroy": false,
            "get_password_data": false,
            "hibernation": false,
            "host_id": "",
            "host_resource_group_arn": null,
            "iam_instance_profile": "",
            "id": "i-0eabe9be73bb18cab",
            "instance_initiated_shutdown_behavior": "stop",
            "instance_lifecycle": "",
            "instance_market_options": [],
            "instance_state": "running",
            "instance_type": "t3.micro",
            "ipv6_address_count": 0,
            "ipv6_addresses": [],
            "key_name": "testing-v2",
            "launch_template": [],
            "maintenance_options": [
              {
                "auto_recovery": "default"
              }
            ],
            "metadata_options": [
              {
                "http_endpoint": "enabled",
                "http_protocol_ipv6": "disabled",
                "http_put_response_hop_limit": 2,
                "http_tokens": "required",
                "instance_metadata_tags": "disabled"
              }
            ],
            "monitoring": false,
            "network_interface": [],
            "outpost_arn": "",
            "password_data": "",
            "placement_group": "",
            "placement_group_id": "",
            "placement_partition_number": 0,
            "primary_network_interface": [
              {
                "delete_on_termination": true,
                "network_interface_id": "eni-05e0b1014014552f1"
              }
            ],
            "primary_network_interface_id": "eni-05e0b1014014552f1",
            "private_dns": "ip-10-0-10-157.ca-central-1.compute.internal",
            "private_dns_name_options": [
              {
                "enable_resource_name_dns_a_record": false,
                "enable_resource_name_dns_aaaa_record": false,
                "hostname_type": "ip-name"
              }
            ],
            "private_ip": "10.0.10.157",
            "public_dns": "",
            "public_ip": "35.183.108.194",
            "region": "ca-central-1",
            "root_block_device": [
              {
                "delete_on_termination": true,
                "device_name": "/dev/xvda",
                "encrypted": false,
                "iops": 3000,
                "kms_key_id": "",
                "tags": {},
                "tags_all": {},
                "throughput": 125,
                "volume_id": "vol-0acdee52a436d3a53",
                "volume_size": 8,
                "volume_type": "gp3"
              }
            ],
            "secondary_network_interface": [],
            "secondary_private_ips": [],
            "security_groups": [],
            "source_dest_check": true,
            "spot_instance_request_id": "",
            "subnet_id": "subnet-06b6a7eef07b1c38c",
            "tags": {
              "Name": "dev-server"
            },
            "tags_all": {
              "Name": "dev-server"
            },
            "tenancy": "default",
            "timeouts": null,
            "user_data": "  #!/bin/bash\n sudo yum update -y \u0026\u0026 sudo yum install -y docker\n sudo service docker start\n sudo usermod -a -G docker ec2-user\n sudo docker run -d -p 8080:80 --name myapp nginx    ",
            "user_data_base64": null,
            "user_data_replace_on_change": false,
            "volume_tags": null,
            "vpc_security_group_ids": [
              "sg-0901776ca5c236ab8"
            ]
          },
          "sensitive_attributes": [],
          "identity_schema_version": 0,
          "identity": {
            "account_id": "780432333923",
            "id": "i-0eabe9be73bb18cab",
            "region": "ca-central-1"
          },
          "private": "eyJlMmJmYjczMC1lY2FhLTExZTYtOGY4OC0zNDM2M2JjN2M0YzAiOnsiY3JlYXRlIjo2MDAwMDAwMDAwMDAsImRlbGV0ZSI6MTIwMDAwMDAwMDAwMCwicmVhZCI6OTAwMDAwMDAwMDAwLCJ1cGRhdGUiOjYwMDAwMDAwMDAwMH0sInNjaGVtYV92ZXJzaW9uIjoiMiJ9",
          "dependencies": [
            "aws_key_pair.ssh-key-pair",
            "aws_security_group.myapp-sg",
            "aws_subnet.myapp-subnet-1",
            "aws_vpc.myapp-vpc",
            "data.aws_ami.amazon-linux"
          ]
        }
      ]
    },
    {
      "mode": "managed",
      "type": "aws_internet_gateway",
      "name": "myapp-gw",
      "provider": "provider[\"registry.terraform.io/hashicorp/aws\"]",
      "instances": [
        {
          "schema_version": 0,
          "attributes": {
            "arn": "arn:aws:ec2:ca-central-1:780432333923:internet-gateway/igw-03037f5d5d2046f23",
            "id": "igw-03037f5d5d2046f23",
            "owner_id": "780432333923",
            "region": "ca-central-1",
            "tags": {
              "Name": "dev-myapp-gw"
            },
            "tags_all": {
              "Name": "dev-myapp-gw"
            },
            "timeouts": null,
            "vpc_id": "vpc-018a5c0d61e2750bc"
          },
          "sensitive_attributes": [],
          "identity_schema_version": 0,
          "private": "eyJlMmJmYjczMC1lY2FhLTExZTYtOGY4OC0zNDM2M2JjN2M0YzAiOnsiY3JlYXRlIjoxMjAwMDAwMDAwMDAwLCJkZWxldGUiOjEyMDAwMDAwMDAwMDAsInVwZGF0ZSI6MTIwMDAwMDAwMDAwMH19",
          "dependencies": [
            "aws_vpc.myapp-vpc"
          ]
        }
      ]
    },
    {
      "mode": "managed",
      "type": "aws_key_pair",
      "name": "ssh-key-pair",
      "provider": "provider[\"registry.terraform.io/hashicorp/aws\"]",
      "instances": [
        {
          "schema_version": 1,
          "attributes": {
            "arn": "arn:aws:ec2:ca-central-1:780432333923:key-pair/testing-v2",
            "fingerprint": "6f:26:49:93:b0:76:9c:c1:4e:8b:3d:f4:39:c5:e7:81",
            "id": "testing-v2",
            "key_name": "testing-v2",
            "key_name_prefix": "",
            "key_pair_id": "key-0f04da1b507501f41",
            "key_type": "rsa",
            "public_key": "ssh-rsa AAAAB3NzaC1yc2EAAAADAQABAAACAQDSeV9O/jVSlfaykXjmIGUPYsmUAp7OjvCVtODuqUPHFYaff2OGLcf8VoxWElSScedmYKPOHbA0vit/cfVGsxWXBsqdOFyAdi2JkEzu3zhPsd+YgfAYOzXAxJvHGUGzQF0C5MfK19HZVJDDGDqSozniJ9aqt7iyK4q8xC3Vl7utFzhwif0yGrO6AQikGfcDIdARuvlytXPPa79wc4guUA19yjeKP9zmkv2N0ViWqiecRxjnybgAPJxByfixU88ZH1F1Qsgq2U46eQE8e9fAREnESr9G00oODLdBdlXK8USAtaAuBQ9zsjqnH/iAY6JddFT8Wt7yt1V+gqVnYOQAXSvv5UuxZuvUHxtja7lrcLFCiJ4fKmmfMnMQ7z85/ZxePIVOF0D3yWGEd57jBiqASN6mTlqLh3EH1vsH4I1lNszJCVwk9KdWKhCLT+x5k+kbbgYCA8/CbLNcJvrnc5L4od1MsAyUyCE4n8Bzlq/I1LrXRk1i02D8C1M7w1AH1FR6f+hVIQb1rwsGhRcSLsN7MIFKVisSpqnw7Ufx3HnGAamd5A/fBXOMKTZmb2gkPsZjaxxqoSaW8ELTM9ZAA1E08gINFet+oBPn4AL0TkF4P1qZNkZIUx+JqPk/Y7RGO2K422V9sgCUYPD5Sd9v9dPtCEQIrGFFn5wMRmcoitH8cmJ9ww== enakarhireigho@Mac",
            "region": "ca-central-1",
            "tags": {},
            "tags_all": {}
          },
          "sensitive_attributes": [],
          "identity_schema_version": 0,
          "private": "eyJzY2hlbWFfdmVyc2lvbiI6IjEifQ=="
        }
      ]
    },
    {
      "mode": "managed",
      "type": "aws_security_group",
      "name": "myapp-sg",
      "provider": "provider[\"registry.terraform.io/hashicorp/aws\"]",
      "instances": [
        {
          "schema_version": 1,
          "attributes": {
            "arn": "arn:aws:ec2:ca-central-1:780432333923:security-group/sg-0901776ca5c236ab8",
            "description": "for myapp security group",
            "egress": [
              {
                "cidr_blocks": [
                  "0.0.0.0/0"
                ],
                "description": "",
                "from_port": 0,
                "ipv6_cidr_blocks": [],
                "prefix_list_ids": [],
                "protocol": "-1",
                "security_groups": [],
                "self": false,
                "to_port": 0
              }
            ],
            "id": "sg-0901776ca5c236ab8",
            "ingress": [
              {
                "cidr_blocks": [
                  "0.0.0.0/0"
                ],
                "description": "",
                "from_port": 8080,
                "ipv6_cidr_blocks": [],
                "prefix_list_ids": [],
                "protocol": "tcp",
                "security_groups": [],
                "self": false,
                "to_port": 8080
              },
              {
                "cidr_blocks": [
                  "142.166.225.247/32"
                ],
                "description": "",
                "from_port": 22,
                "ipv6_cidr_blocks": [],
                "prefix_list_ids": [],
                "protocol": "tcp",
                "security_groups": [],
                "self": false,
                "to_port": 22
              }
            ],
            "name": "myapp-sg",
            "name_prefix": "",
            "owner_id": "780432333923",
            "region": "ca-central-1",
            "revoke_rules_on_delete": false,
            "tags": {
              "Name": "dev-myapp-sg"
            },
            "tags_all": {
              "Name": "dev-myapp-sg"
            },
            "timeouts": null,
            "vpc_id": "vpc-018a5c0d61e2750bc"
          },
          "sensitive_attributes": [],
          "identity_schema_version": 0,
          "identity": {
            "account_id": "780432333923",
            "id": "sg-0901776ca5c236ab8",
            "region": "ca-central-1"
          },
          "private": "eyJlMmJmYjczMC1lY2FhLTExZTYtOGY4OC0zNDM2M2JjN2M0YzAiOnsiY3JlYXRlIjo2MDAwMDAwMDAwMDAsImRlbGV0ZSI6OTAwMDAwMDAwMDAwfSwic2NoZW1hX3ZlcnNpb24iOiIxIn0=",
          "dependencies": [
            "aws_vpc.myapp-vpc"
          ]
        }
      ]
    },
    {
      "mode": "managed",
      "type": "aws_subnet",
      "name": "myapp-subnet-1",
      "provider": "provider[\"registry.terraform.io/hashicorp/aws\"]",
      "instances": [
        {
          "schema_version": 1,
          "attributes": {
            "arn": "arn:aws:ec2:ca-central-1:780432333923:subnet/subnet-06b6a7eef07b1c38c",
            "assign_ipv6_address_on_creation": false,
            "availability_zone": "ca-central-1a",
            "availability_zone_id": "cac1-az1",
            "cidr_block": "10.0.10.0/24",
            "customer_owned_ipv4_pool": "",
            "enable_dns64": false,
            "enable_lni_at_device_index": 0,
            "enable_resource_name_dns_a_record_on_launch": false,
            "enable_resource_name_dns_aaaa_record_on_launch": false,
            "id": "subnet-06b6a7eef07b1c38c",
            "ipv4_ipam_pool_id": null,
            "ipv4_netmask_length": null,
            "ipv6_cidr_block": "",
            "ipv6_cidr_block_association_id": "",
            "ipv6_ipam_pool_id": null,
            "ipv6_native": false,
            "ipv6_netmask_length": null,
            "map_customer_owned_ip_on_launch": false,
            "map_public_ip_on_launch": false,
            "outpost_arn": "",
            "owner_id": "780432333923",
            "private_dns_hostname_type_on_launch": "ip-name",
            "region": "ca-central-1",
            "tags": {
              "Name": "dev-subnet-1"
            },
            "tags_all": {
              "Name": "dev-subnet-1"
            },
            "timeouts": null,
            "vpc_id": "vpc-018a5c0d61e2750bc"
          },
          "sensitive_attributes": [],
          "identity_schema_version": 0,
          "identity": {
            "account_id": "780432333923",
            "id": "subnet-06b6a7eef07b1c38c",
            "region": "ca-central-1"
          },
          "private": "eyJlMmJmYjczMC1lY2FhLTExZTYtOGY4OC0zNDM2M2JjN2M0YzAiOnsiY3JlYXRlIjo2MDAwMDAwMDAwMDAsImRlbGV0ZSI6MTIwMDAwMDAwMDAwMH0sInNjaGVtYV92ZXJzaW9uIjoiMSJ9",
          "dependencies": [
            "aws_vpc.myapp-vpc"
          ]
        }
      ]
    },
    {
      "mode": "managed",
      "type": "aws_vpc",
      "name": "myapp-vpc",
      "provider": "provider[\"registry.terraform.io/hashicorp/aws\"]",
      "instances": [
        {
          "schema_version": 1,
          "attributes": {
            "arn": "arn:aws:ec2:ca-central-1:780432333923:vpc/vpc-018a5c0d61e2750bc",
            "assign_generated_ipv6_cidr_block": false,
            "cidr_block": "10.0.0.0/16",
            "default_network_acl_id": "acl-023337dd50ed64fe7",
            "default_route_table_id": "rtb-0e8b9ccb23f3c9467",
            "default_security_group_id": "sg-0b38202ac28992fc1",
            "dhcp_options_id": "dopt-092fb615fdc719c5d",
            "enable_dns_hostnames": false,
            "enable_dns_support": true,
            "enable_network_address_usage_metrics": false,
            "id": "vpc-018a5c0d61e2750bc",
            "instance_tenancy": "default",
            "ipv4_ipam_pool_id": null,
            "ipv4_netmask_length": null,
            "ipv6_association_id": "",
            "ipv6_cidr_block": "",
            "ipv6_cidr_block_network_border_group": "",
            "ipv6_ipam_pool_id": "",
            "ipv6_netmask_length": 0,
            "main_route_table_id": "rtb-0e8b9ccb23f3c9467",
            "owner_id": "780432333923",
            "region": "ca-central-1",
            "tags": {
              "Name": "dev-vpc"
            },
            "tags_all": {
              "Name": "dev-vpc"
            }
          },
          "sensitive_attributes": [],
          "identity_schema_version": 0,
          "identity": {
            "account_id": "780432333923",
            "id": "vpc-018a5c0d61e2750bc",
            "region": "ca-central-1"
          },
          "private": "eyJzY2hlbWFfdmVyc2lvbiI6IjEifQ=="
        }
      ]
    },
    {
      "mode": "managed",
      "type": "aws_vpc_security_group_egress_rule",
      "name": "myapp-sg-egress",
      "provider": "provider[\"registry.terraform.io/hashicorp/aws\"]",
      "instances": [
        {
          "schema_version": 0,
          "attributes": {
            "arn": "arn:aws:ec2:ca-central-1:780432333923:security-group-rule/sgr-0bd52badff13f26b3",
            "cidr_ipv4": "0.0.0.0/0",
            "cidr_ipv6": null,
            "description": null,
            "from_port": null,
            "id": "sgr-0bd52badff13f26b3",
            "ip_protocol": "-1",
            "prefix_list_id": null,
            "referenced_security_group_id": null,
            "region": "ca-central-1",
            "security_group_id": "sg-0901776ca5c236ab8",
            "security_group_rule_id": "sgr-0bd52badff13f26b3",
            "tags": null,
            "tags_all": {},
            "to_port": null
          },
          "sensitive_attributes": [],
          "identity_schema_version": 0,
          "identity": {
            "account_id": "780432333923",
            "id": "sgr-0bd52badff13f26b3",
            "region": "ca-central-1"
          },
          "dependencies": [
            "aws_security_group.myapp-sg",
            "aws_vpc.myapp-vpc"
          ]
        }
      ]
    },
    {
      "mode": "managed",
      "type": "aws_vpc_security_group_ingress_rule",
      "name": "myapp-sg-http",
      "provider": "provider[\"registry.terraform.io/hashicorp/aws\"]",
      "instances": [
        {
          "schema_version": 0,
          "attributes": {
            "arn": "arn:aws:ec2:ca-central-1:780432333923:security-group-rule/sgr-04d2ab17327053826",
            "cidr_ipv4": "0.0.0.0/0",
            "cidr_ipv6": null,
            "description": null,
            "from_port": 8080,
            "id": "sgr-04d2ab17327053826",
            "ip_protocol": "tcp",
            "prefix_list_id": null,
            "referenced_security_group_id": null,
            "region": "ca-central-1",
            "security_group_id": "sg-0901776ca5c236ab8",
            "security_group_rule_id": "sgr-04d2ab17327053826",
            "tags": null,
            "tags_all": {},
            "to_port": 8080
          },
          "sensitive_attributes": [],
          "identity_schema_version": 0,
          "identity": {
            "account_id": "780432333923",
            "id": "sgr-04d2ab17327053826",
            "region": "ca-central-1"
          },
          "dependencies": [
            "aws_security_group.myapp-sg",
            "aws_vpc.myapp-vpc"
          ]
        }
      ]
    },
    {
      "mode": "managed",
      "type": "aws_vpc_security_group_ingress_rule",
      "name": "myapp-sg-ssh",
      "provider": "provider[\"registry.terraform.io/hashicorp/aws\"]",
      "instances": [
        {
          "schema_version": 0,
          "attributes": {
            "arn": "arn:aws:ec2:ca-central-1:780432333923:security-group-rule/sgr-0a2a0baada6fe6a5d",
            "cidr_ipv4": "142.166.225.247/32",
            "cidr_ipv6": null,
            "description": null,
            "from_port": 22,
            "id": "sgr-0a2a0baada6fe6a5d",
            "ip_protocol": "tcp",
            "prefix_list_id": null,
            "referenced_security_group_id": null,
            "region": "ca-central-1",
            "security_group_id": "sg-0901776ca5c236ab8",
            "security_group_rule_id": "sgr-0a2a0baada6fe6a5d",
            "tags": null,
            "tags_all": {},
            "to_port": 22
          },
          "sensitive_attributes": [],
          "identity_schema_version": 0,
          "identity": {
            "account_id": "780432333923",
            "id": "sgr-0a2a0baada6fe6a5d",
            "region": "ca-central-1"
          },
          "dependencies": [
            "aws_security_group.myapp-sg",
            "aws_vpc.myapp-vpc"
          ]
        }
      ]
    }
  ],
  "check_results": null
}
